
Microsoft Visual Studio Solution File, Format Version 12.00
# Visual Studio Version 17
VisualStudioVersion = 17.3.32825.248
MinimumVisualStudioVersion = 10.0.40219.1
Project("{FAE04EC0-301F-11D3-BF4B-00C04F79EFBC}") = "Trythotpaldouledciey", "Trythotpaldouledciey\Trythotpaldouledciey.csproj", "{7606546A-36ED-48AB-BCAF-AB1D11B2D7DD}"
EndProject
Global
	GlobalSection(SolutionConfigurationPlatforms) = preSolution
		Debug|Any CPU = Debug|Any CPU
		Release|Any CPU = Release|Any CPU
	EndGlobalSection
	GlobalSection(ProjectConfigurationPlatforms) = postSolution
		{7606546A-36ED-48AB-BCAF-AB1D11B2D7DD}.Debug|Any CPU.ActiveCfg = Debug|Any CPU
		{7606546A-36ED-48AB-BCAF-AB1D11B2D7DD}.Debug|Any CPU.Build.0 = Debug|Any CPU
		{7606546A-36ED-48AB-BCAF-AB1D11B2D7DD}.Release|Any CPU.ActiveCfg = Release|Any CPU
		{7606546A-36ED-48AB-BCAF-AB1D11B2D7DD}.Release|Any CPU.Build.0 = Release|Any CPU
	EndGlobalSection
	GlobalSection(SolutionProperties) = preSolution
		HideSolutionNode = FALSE
	EndGlobalSection
	GlobalSection(ExtensibilityGlobals) = postSolution
		SolutionGuid = {FC41DF13-CD7E-4A99-A521-85C0396F7066}
	EndGlobalSection
EndGlobal
